
Microsoft Visual Studio Solution File, Format Version 12.00
# Visual Studio Version 17
VisualStudioVersion = 17.5.2.0
MinimumVisualStudioVersion = 10.0.40219.1
Project("{2150E333-8FDC-42A3-9474-1A3956D46DE8}") = "src", "src", "{827E0CD3-B72D-47B6-A68D-7590B98EB39B}"
EndProject
Project("{2150E333-8FDC-42A3-9474-1A3956D46DE8}") = "shared", "shared", "{C8E42992-5E42-0C2B-DBFE-AA848D06431C}"
EndProject
Project("{FAE04EC0-301F-11D3-BF4B-00C04F79EFBC}") = "ProperTea.Utilities", "src\services\shared\ProperTea.Utilities\ProperTea.Utilities.csproj", "{DF4D2D8E-1D54-E0C3-A2D7-3F12D199A221}"
EndProject
Project("{FAE04EC0-301F-11D3-BF4B-00C04F79EFBC}") = "ProperTea.Infrastructure", "src\services\shared\ProperTea.Infrastructure\ProperTea.Infrastructure.csproj", "{AEBDC4FF-3728-E077-BA6D-3327C596D9C0}"
EndProject
Project("{FAE04EC0-301F-11D3-BF4B-00C04F79EFBC}") = "ProperTea.Core", "src\services\shared\ProperTea.Core\ProperTea.Core.csproj", "{5912BE8C-69FA-A860-210F-E9CBC57B90D0}"
EndProject
Project("{2150E333-8FDC-42A3-9474-1A3956D46DE8}") = "services", "services", "{984BB9B3-3FA3-BE33-9484-CAC21695A33C}"
EndProject
Project("{2150E333-8FDC-42A3-9474-1A3956D46DE8}") = "landlord", "landlord", "{303264A0-4F85-4D18-8634-4C34CD104CA0}"
EndProject
Project("{2150E333-8FDC-42A3-9474-1A3956D46DE8}") = "portal", "portal", "{02835B3E-5BFB-4768-916F-EB527339836E}"
EndProject
Project("{2150E333-8FDC-42A3-9474-1A3956D46DE8}") = "bff", "bff", "{C5D31C70-7B71-4C32-8C05-31F47110C468}"
EndProject
Project("{FAE04EC0-301F-11D3-BF4B-00C04F79EFBC}") = "ProperTea.Landlord.Bff", "src\landlord\portal\bff\ProperTea.Landlord.Bff\ProperTea.Landlord.Bff.csproj", "{97B5AE24-B3E3-488D-A6C5-B52C61CE013B}"
EndProject
Project("{2150E333-8FDC-42A3-9474-1A3956D46DE8}") = "shared", "shared", "{1CF083BF-0A1D-5B5F-37B1-E2F5EFE0303B}"
EndProject
Global
	GlobalSection(SolutionConfigurationPlatforms) = preSolution
		Debug|Any CPU = Debug|Any CPU
		Release|Any CPU = Release|Any CPU
	EndGlobalSection
	GlobalSection(ProjectConfigurationPlatforms) = postSolution
		{DF4D2D8E-1D54-E0C3-A2D7-3F12D199A221}.Debug|Any CPU.ActiveCfg = Debug|Any CPU
		{DF4D2D8E-1D54-E0C3-A2D7-3F12D199A221}.Debug|Any CPU.Build.0 = Debug|Any CPU
		{DF4D2D8E-1D54-E0C3-A2D7-3F12D199A221}.Release|Any CPU.ActiveCfg = Release|Any CPU
		{DF4D2D8E-1D54-E0C3-A2D7-3F12D199A221}.Release|Any CPU.Build.0 = Release|Any CPU
		{AEBDC4FF-3728-E077-BA6D-3327C596D9C0}.Debug|Any CPU.ActiveCfg = Debug|Any CPU
		{AEBDC4FF-3728-E077-BA6D-3327C596D9C0}.Debug|Any CPU.Build.0 = Debug|Any CPU
		{AEBDC4FF-3728-E077-BA6D-3327C596D9C0}.Release|Any CPU.ActiveCfg = Release|Any CPU
		{AEBDC4FF-3728-E077-BA6D-3327C596D9C0}.Release|Any CPU.Build.0 = Release|Any CPU
		{5912BE8C-69FA-A860-210F-E9CBC57B90D0}.Debug|Any CPU.ActiveCfg = Debug|Any CPU
		{5912BE8C-69FA-A860-210F-E9CBC57B90D0}.Debug|Any CPU.Build.0 = Debug|Any CPU
		{5912BE8C-69FA-A860-210F-E9CBC57B90D0}.Release|Any CPU.ActiveCfg = Release|Any CPU
		{5912BE8C-69FA-A860-210F-E9CBC57B90D0}.Release|Any CPU.Build.0 = Release|Any CPU
		{97B5AE24-B3E3-488D-A6C5-B52C61CE013B}.Debug|Any CPU.ActiveCfg = Debug|Any CPU
		{97B5AE24-B3E3-488D-A6C5-B52C61CE013B}.Debug|Any CPU.Build.0 = Debug|Any CPU
		{97B5AE24-B3E3-488D-A6C5-B52C61CE013B}.Release|Any CPU.ActiveCfg = Release|Any CPU
		{97B5AE24-B3E3-488D-A6C5-B52C61CE013B}.Release|Any CPU.Build.0 = Release|Any CPU
	EndGlobalSection
	GlobalSection(SolutionProperties) = preSolution
		HideSolutionNode = FALSE
	EndGlobalSection
	GlobalSection(NestedProjects) = preSolution
		{C8E42992-5E42-0C2B-DBFE-AA848D06431C} = {827E0CD3-B72D-47B6-A68D-7590B98EB39B}
		{DF4D2D8E-1D54-E0C3-A2D7-3F12D199A221} = {C8E42992-5E42-0C2B-DBFE-AA848D06431C}
		{AEBDC4FF-3728-E077-BA6D-3327C596D9C0} = {C8E42992-5E42-0C2B-DBFE-AA848D06431C}
		{5912BE8C-69FA-A860-210F-E9CBC57B90D0} = {C8E42992-5E42-0C2B-DBFE-AA848D06431C}
		{984BB9B3-3FA3-BE33-9484-CAC21695A33C} = {827E0CD3-B72D-47B6-A68D-7590B98EB39B}
		{303264A0-4F85-4D18-8634-4C34CD104CA0} = {827E0CD3-B72D-47B6-A68D-7590B98EB39B}
		{02835B3E-5BFB-4768-916F-EB527339836E} = {303264A0-4F85-4D18-8634-4C34CD104CA0}
		{C5D31C70-7B71-4C32-8C05-31F47110C468} = {02835B3E-5BFB-4768-916F-EB527339836E}
		{97B5AE24-B3E3-488D-A6C5-B52C61CE013B} = {C5D31C70-7B71-4C32-8C05-31F47110C468}
		{1CF083BF-0A1D-5B5F-37B1-E2F5EFE0303B} = {984BB9B3-3FA3-BE33-9484-CAC21695A33C}
	EndGlobalSection
	GlobalSection(ExtensibilityGlobals) = postSolution
		SolutionGuid = {F14BFB1A-C329-4475-BB72-A652AC317309}
	EndGlobalSection
EndGlobal
